# This file is automatically @generated by Cargo.
# It is not intended for manual editing.
version = 3

[[package]]
name = "circular-buffer"
version = "0.1.3"
source = "registry+https://github.com/rust-lang/crates.io-index"
checksum = "49fb5c4da5d3ed977852daeb787f89091b5e11eeabc81fec4d1c24b695b78ab8"

[[package]]
name = "shadowcycle"
version = "0.1.0"
dependencies = [
 "circular-buffer",
]
